
Microsoft Visual Studio Solution File, Format Version 12.00
# Visual Studio Version 17
VisualStudioVersion = 17.13.35818.85 d17.13
MinimumVisualStudioVersion = 10.0.40219.1
Project("{FAE04EC0-301F-11D3-BF4B-00C04F79EFBC}") = "MyPortfolioCore", "MyPortfolioCore\MyPortfolioCore.csproj", "{3FE98C87-2A2D-49CD-A093-1DC7E5405AE1}"
EndProject
Global
	GlobalSection(SolutionConfigurationPlatforms) = preSolution
		Debug|Any CPU = Debug|Any CPU
		Release|Any CPU = Release|Any CPU
	EndGlobalSection
	GlobalSection(ProjectConfigurationPlatforms) = postSolution
		{3FE98C87-2A2D-49CD-A093-1DC7E5405AE1}.Debug|Any CPU.ActiveCfg = Debug|Any CPU
		{3FE98C87-2A2D-49CD-A093-1DC7E5405AE1}.Debug|Any CPU.Build.0 = Debug|Any CPU
		{3FE98C87-2A2D-49CD-A093-1DC7E5405AE1}.Release|Any CPU.ActiveCfg = Release|Any CPU
		{3FE98C87-2A2D-49CD-A093-1DC7E5405AE1}.Release|Any CPU.Build.0 = Release|Any CPU
	EndGlobalSection
	GlobalSection(SolutionProperties) = preSolution
		HideSolutionNode = FALSE
	EndGlobalSection
	GlobalSection(ExtensibilityGlobals) = postSolution
		SolutionGuid = {ECC81EC3-9B8B-4C6F-88EE-8AFBDC2A5A15}
	EndGlobalSection
EndGlobal
